
Microsoft Visual Studio Solution File, Format Version 12.00
# Visual Studio Version 16
VisualStudioVersion = 16.0.29709.97
MinimumVisualStudioVersion = 10.0.40219.1
Project("{9A19103F-16F7-4668-BE54-9A1E7A4F7556}") = "NetCoreCalculations", "NetCoreCalculations\NetCoreCalculations.csproj", "{FFD61F44-759E-4596-91D5-DFA8275BC6E3}"
EndProject
Project("{9A19103F-16F7-4668-BE54-9A1E7A4F7556}") = "NetCoreCalculations.Tests", "NetCoreCalculations.Tests\NetCoreCalculations.Tests.csproj", "{906E59AF-0D27-4E5C-A913-01FEE1D648B3}"
EndProject
Global
	GlobalSection(SolutionConfigurationPlatforms) = preSolution
		Debug|Any CPU = Debug|Any CPU
		Release|Any CPU = Release|Any CPU
	EndGlobalSection
	GlobalSection(ProjectConfigurationPlatforms) = postSolution
		{FFD61F44-759E-4596-91D5-DFA8275BC6E3}.Debug|Any CPU.ActiveCfg = Debug|Any CPU
		{FFD61F44-759E-4596-91D5-DFA8275BC6E3}.Debug|Any CPU.Build.0 = Debug|Any CPU
		{FFD61F44-759E-4596-91D5-DFA8275BC6E3}.Release|Any CPU.ActiveCfg = Release|Any CPU
		{FFD61F44-759E-4596-91D5-DFA8275BC6E3}.Release|Any CPU.Build.0 = Release|Any CPU
		{906E59AF-0D27-4E5C-A913-01FEE1D648B3}.Debug|Any CPU.ActiveCfg = Debug|Any CPU
		{906E59AF-0D27-4E5C-A913-01FEE1D648B3}.Debug|Any CPU.Build.0 = Debug|Any CPU
		{906E59AF-0D27-4E5C-A913-01FEE1D648B3}.Release|Any CPU.ActiveCfg = Release|Any CPU
		{906E59AF-0D27-4E5C-A913-01FEE1D648B3}.Release|Any CPU.Build.0 = Release|Any CPU
	EndGlobalSection
	GlobalSection(SolutionProperties) = preSolution
		HideSolutionNode = FALSE
	EndGlobalSection
	GlobalSection(ExtensibilityGlobals) = postSolution
		SolutionGuid = {B83C986B-CDDB-42B4-BAED-61A9F0B6B014}
	EndGlobalSection
EndGlobal
